
Microsoft Visual Studio Solution File, Format Version 12.00
# Visual Studio 15
VisualStudioVersion = 15.0.27703.2000
MinimumVisualStudioVersion = 10.0.40219.1
Project("{2150E333-8FDC-42A3-9474-1A3956D46DE8}") = "Server", "Server", "{69A3041D-FFCC-41AB-B187-C6C4C2811020}"
EndProject
Project("{2150E333-8FDC-42A3-9474-1A3956D46DE8}") = "Client", "Client", "{DB5F8C29-1FD8-4C27-A4E5-087F5E1D04C2}"
EndProject
Project("{9A19103F-16F7-4668-BE54-9A1E7A4F7556}") = "MaiHau.Identity", "Server\MaiHau.Identity\MaiHau.Identity.csproj", "{D5F0B0CE-53ED-4D20-B3A7-0DA410AB807B}"
EndProject
Global
	GlobalSection(SolutionConfigurationPlatforms) = preSolution
		Debug|Any CPU = Debug|Any CPU
		Release|Any CPU = Release|Any CPU
	EndGlobalSection
	GlobalSection(ProjectConfigurationPlatforms) = postSolution
		{D5F0B0CE-53ED-4D20-B3A7-0DA410AB807B}.Debug|Any CPU.ActiveCfg = Debug|Any CPU
		{D5F0B0CE-53ED-4D20-B3A7-0DA410AB807B}.Debug|Any CPU.Build.0 = Debug|Any CPU
		{D5F0B0CE-53ED-4D20-B3A7-0DA410AB807B}.Release|Any CPU.ActiveCfg = Release|Any CPU
		{D5F0B0CE-53ED-4D20-B3A7-0DA410AB807B}.Release|Any CPU.Build.0 = Release|Any CPU
	EndGlobalSection
	GlobalSection(SolutionProperties) = preSolution
		HideSolutionNode = FALSE
	EndGlobalSection
	GlobalSection(NestedProjects) = preSolution
		{D5F0B0CE-53ED-4D20-B3A7-0DA410AB807B} = {69A3041D-FFCC-41AB-B187-C6C4C2811020}
	EndGlobalSection
	GlobalSection(ExtensibilityGlobals) = postSolution
		SolutionGuid = {5E495B94-5D0F-4656-A5E5-3CE4E462C301}
	EndGlobalSection
EndGlobal
